// !$*UTF8*$!
{
	archiveVersion = 1;
	classes = {
	};
	objectVersion = 51;
	objects = {

/* Begin PBXBuildFile section */
		1F30F7F22321C0A900056F2C /* GoogleService-Info.plist in Resources */ = {isa = PBXBuildFile; fileRef = 1F30F7F12321C0A900056F2C /* GoogleService-Info.plist */; };
		1F30F7F82321C43500056F2C /* LoginViewController.swift in Sources */ = {isa = PBXBuildFile; fileRef = 1F30F7F72321C43500056F2C /* LoginViewController.swift */; };
		1F30F7FA2321C44400056F2C /* RegisterViewController.swift in Sources */ = {isa = PBXBuildFile; fileRef = 1F30F7F92321C44400056F2C /* RegisterViewController.swift */; };
		1F39BC1D23205C74004EE9E9 /* strainJSON.swift in Sources */ = {isa = PBXBuildFile; fileRef = 1F39BC1C23205C74004EE9E9 /* strainJSON.swift */; };
		1FACB53923230CE3009C6A3E /* HomeViewController.swift in Sources */ = {isa = PBXBuildFile; fileRef = 1FACB53823230CE3009C6A3E /* HomeViewController.swift */; };
		1FEA6BCB231F7C8F009C4F3A /* AppDelegate.swift in Sources */ = {isa = PBXBuildFile; fileRef = 1FEA6BCA231F7C8F009C4F3A /* AppDelegate.swift */; };
		1FEA6BCD231F7C8F009C4F3A /* WelcomeViewController.swift in Sources */ = {isa = PBXBuildFile; fileRef = 1FEA6BCC231F7C8F009C4F3A /* WelcomeViewController.swift */; };
		1FEA6BD0231F7C8F009C4F3A /* Main.storyboard in Resources */ = {isa = PBXBuildFile; fileRef = 1FEA6BCE231F7C8F009C4F3A /* Main.storyboard */; };
		1FEA6BD2231F7C90009C4F3A /* Assets.xcassets in Resources */ = {isa = PBXBuildFile; fileRef = 1FEA6BD1231F7C90009C4F3A /* Assets.xcassets */; };
		1FEA6BD5231F7C90009C4F3A /* LaunchScreen.storyboard in Resources */ = {isa = PBXBuildFile; fileRef = 1FEA6BD3231F7C90009C4F3A /* LaunchScreen.storyboard */; };
		58A9C850F44737E0FA3453DD /* Pods_Welp.framework in Frameworks */ = {isa = PBXBuildFile; fileRef = 0A03862FF65014A6194C1A8E /* Pods_Welp.framework */; };
/* End PBXBuildFile section */

/* Begin PBXFileReference section */
		04CA81A32560F5DF80C1F415 /* Pods-Welp.debug.xcconfig */ = {isa = PBXFileReference; includeInIndex = 1; lastKnownFileType = text.xcconfig; name = "Pods-Welp.debug.xcconfig"; path = "Target Support Files/Pods-Welp/Pods-Welp.debug.xcconfig"; sourceTree = "<group>"; };
		0A03862FF65014A6194C1A8E /* Pods_Welp.framework */ = {isa = PBXFileReference; explicitFileType = wrapper.framework; includeInIndex = 0; path = Pods_Welp.framework; sourceTree = BUILT_PRODUCTS_DIR; };
		1F30F7F12321C0A900056F2C /* GoogleService-Info.plist */ = {isa = PBXFileReference; fileEncoding = 4; lastKnownFileType = text.plist.xml; path = "GoogleService-Info.plist"; sourceTree = "<group>"; };
		1F30F7F72321C43500056F2C /* LoginViewController.swift */ = {isa = PBXFileReference; lastKnownFileType = sourcecode.swift; path = LoginViewController.swift; sourceTree = "<group>"; };
		1F30F7F92321C44400056F2C /* RegisterViewController.swift */ = {isa = PBXFileReference; lastKnownFileType = sourcecode.swift; path = RegisterViewController.swift; sourceTree = "<group>"; };
		1F39BC1C23205C74004EE9E9 /* strainJSON.swift */ = {isa = PBXFileReference; lastKnownFileType = sourcecode.swift; path = strainJSON.swift; sourceTree = "<group>"; };
		1FACB53823230CE3009C6A3E /* HomeViewController.swift */ = {isa = PBXFileReference; lastKnownFileType = sourcecode.swift; path = HomeViewController.swift; sourceTree = "<group>"; };
		1FEA6BC7231F7C8F009C4F3A /* Welp.app */ = {isa = PBXFileReference; explicitFileType = wrapper.application; includeInIndex = 0; path = Welp.app; sourceTree = BUILT_PRODUCTS_DIR; };
		1FEA6BCA231F7C8F009C4F3A /* AppDelegate.swift */ = {isa = PBXFileReference; lastKnownFileType = sourcecode.swift; path = AppDelegate.swift; sourceTree = "<group>"; };
		1FEA6BCC231F7C8F009C4F3A /* WelcomeViewController.swift */ = {isa = PBXFileReference; lastKnownFileType = sourcecode.swift; path = WelcomeViewController.swift; sourceTree = "<group>"; };
		1FEA6BCF231F7C8F009C4F3A /* Base */ = {isa = PBXFileReference; lastKnownFileType = file.storyboard; name = Base; path = Base.lproj/Main.storyboard; sourceTree = "<group>"; };
		1FEA6BD1231F7C90009C4F3A /* Assets.xcassets */ = {isa = PBXFileReference; lastKnownFileType = folder.assetcatalog; path = Assets.xcassets; sourceTree = "<group>"; };
		1FEA6BD4231F7C90009C4F3A /* Base */ = {isa = PBXFileReference; lastKnownFileType = file.storyboard; name = Base; path = Base.lproj/LaunchScreen.storyboard; sourceTree = "<group>"; };
		1FEA6BD6231F7C90009C4F3A /* Info.plist */ = {isa = PBXFileReference; lastKnownFileType = text.plist.xml; path = Info.plist; sourceTree = "<group>"; };
		8B8157995F185EB5999EF3EA /* Pods-Welp.release.xcconfig */ = {isa = PBXFileReference; includeInIndex = 1; lastKnownFileType = text.xcconfig; name = "Pods-Welp.release.xcconfig"; path = "Target Support Files/Pods-Welp/Pods-Welp.release.xcconfig"; sourceTree = "<group>"; };
/* End PBXFileReference section */

/* Begin PBXFrameworksBuildPhase section */
		1FEA6BC4231F7C8F009C4F3A /* Frameworks */ = {
			isa = PBXFrameworksBuildPhase;
			buildActionMask = 2147483647;
			files = (
				58A9C850F44737E0FA3453DD /* Pods_Welp.framework in Frameworks */,
			);
			runOnlyForDeploymentPostprocessing = 0;
		};
/* End PBXFrameworksBuildPhase section */

/* Begin PBXGroup section */
		1F39BC1E2320EAFA004EE9E9 /* Views */ = {
			isa = PBXGroup;
			children = (
				1FEA6BCE231F7C8F009C4F3A /* Main.storyboard */,
				1FEA6BD3231F7C90009C4F3A /* LaunchScreen.storyboard */,
			);
			path = Views;
			sourceTree = "<group>";
		};
		1F39DDB52320EB570028CA92 /* Controllers */ = {
			isa = PBXGroup;
			children = (
				1FEA6BCC231F7C8F009C4F3A /* WelcomeViewController.swift */,
				1F30F7F72321C43500056F2C /* LoginViewController.swift */,
				1F30F7F92321C44400056F2C /* RegisterViewController.swift */,
				1FACB53823230CE3009C6A3E /* HomeViewController.swift */,
			);
			path = Controllers;
			sourceTree = "<group>";
		};
		1F39DDB62320EBE40028CA92 /* Model */ = {
			isa = PBXGroup;
			children = (
			);
			path = Model;
			sourceTree = "<group>";
		};
		1FEA6BBE231F7C8F009C4F3A = {
			isa = PBXGroup;
			children = (
				1FEA6BC9231F7C8F009C4F3A /* Welp */,
				1FEA6BC8231F7C8F009C4F3A /* Products */,
				E5CAEB230595D37522DC85F1 /* Pods */,
				F9329B1F5814C079EE922B15 /* Frameworks */,
			);
			sourceTree = "<group>";
		};
		1FEA6BC8231F7C8F009C4F3A /* Products */ = {
			isa = PBXGroup;
			children = (
				1FEA6BC7231F7C8F009C4F3A /* Welp.app */,
			);
			name = Products;
			sourceTree = "<group>";
		};
		1FEA6BC9231F7C8F009C4F3A /* Welp */ = {
			isa = PBXGroup;
			children = (
				1F39DDB62320EBE40028CA92 /* Model */,
				1F39BC1E2320EAFA004EE9E9 /* Views */,
				1F39DDB52320EB570028CA92 /* Controllers */,
				1FEA6BCA231F7C8F009C4F3A /* AppDelegate.swift */,
				1FEA6BD1231F7C90009C4F3A /* Assets.xcassets */,
				1FEA6BD6231F7C90009C4F3A /* Info.plist */,
				1F30F7F12321C0A900056F2C /* GoogleService-Info.plist */,
				1F39BC1C23205C74004EE9E9 /* strainJSON.swift */,
			);
			path = Welp;
			sourceTree = "<group>";
		};
		E5CAEB230595D37522DC85F1 /* Pods */ = {
			isa = PBXGroup;
			children = (
				04CA81A32560F5DF80C1F415 /* Pods-Welp.debug.xcconfig */,
				8B8157995F185EB5999EF3EA /* Pods-Welp.release.xcconfig */,
			);
			path = Pods;
			sourceTree = "<group>";
		};
		F9329B1F5814C079EE922B15 /* Frameworks */ = {
			isa = PBXGroup;
			children = (
				0A03862FF65014A6194C1A8E /* Pods_Welp.framework */,
			);
			name = Frameworks;
			sourceTree = "<group>";
		};
/* End PBXGroup section */

/* Begin PBXNativeTarget section */
		1FEA6BC6231F7C8F009C4F3A /* Welp */ = {
			isa = PBXNativeTarget;
			buildConfigurationList = 1FEA6BD9231F7C90009C4F3A /* Build configuration list for PBXNativeTarget "Welp" */;
			buildPhases = (
				37F2EDAE4EDDC5D4BC51E09A /* [CP] Check Pods Manifest.lock */,
				1FEA6BC3231F7C8F009C4F3A /* Sources */,
				1FEA6BC4231F7C8F009C4F3A /* Frameworks */,
				1FEA6BC5231F7C8F009C4F3A /* Resources */,
				A7FBCBE35FAA4AF2B89E78AD /* [CP] Embed Pods Frameworks */,
			);
			buildRules = (
			);
			dependencies = (
			);
			name = Welp;
			productName = Welp;
			productReference = 1FEA6BC7231F7C8F009C4F3A /* Welp.app */;
			productType = "com.apple.product-type.application";
		};
/* End PBXNativeTarget section */

/* Begin PBXProject section */
		1FEA6BBF231F7C8F009C4F3A /* Project object */ = {
			isa = PBXProject;
			attributes = {
				LastSwiftUpdateCheck = 1030;
				LastUpgradeCheck = 1030;
				ORGANIZATIONNAME = "Jake Garcia";
				TargetAttributes = {
					1FEA6BC6231F7C8F009C4F3A = {
						CreatedOnToolsVersion = 10.3;
					};
				};
			};
			buildConfigurationList = 1FEA6BC2231F7C8F009C4F3A /* Build configuration list for PBXProject "Welp" */;
			compatibilityVersion = "Xcode 9.3";
			developmentRegion = en;
			hasScannedForEncodings = 0;
			knownRegions = (
				en,
				Base,
			);
			mainGroup = 1FEA6BBE231F7C8F009C4F3A;
			productRefGroup = 1FEA6BC8231F7C8F009C4F3A /* Products */;
			projectDirPath = "";
			projectRoot = "";
			targets = (
				1FEA6BC6231F7C8F009C4F3A /* Welp */,
			);
		};
/* End PBXProject section */

/* Begin PBXResourcesBuildPhase section */
		1FEA6BC5231F7C8F009C4F3A /* Resources */ = {
			isa = PBXResourcesBuildPhase;
			buildActionMask = 2147483647;
			files = (
				1FEA6BD5231F7C90009C4F3A /* LaunchScreen.storyboard in Resources */,
				1F30F7F22321C0A900056F2C /* GoogleService-Info.plist in Resources */,
				1FEA6BD2231F7C90009C4F3A /* Assets.xcassets in Resources */,
				1FEA6BD0231F7C8F009C4F3A /* Main.storyboard in Resources */,
			);
			runOnlyForDeploymentPostprocessing = 0;
		};
/* End PBXResourcesBuildPhase section */

/* Begin PBXShellScriptBuildPhase section */
		37F2EDAE4EDDC5D4BC51E09A /* [CP] Check Pods Manifest.lock */ = {
			isa = PBXShellScriptBuildPhase;
			buildActionMask = 2147483647;
			files = (
			);
			inputFileListPaths = (
			);
			inputPaths = (
				"${PODS_PODFILE_DIR_PATH}/Podfile.lock",
				"${PODS_ROOT}/Manifest.lock",
			);
			name = "[CP] Check Pods Manifest.lock";
			outputFileListPaths = (
			);
			outputPaths = (
				"$(DERIVED_FILE_DIR)/Pods-Welp-checkManifestLockResult.txt",
			);
			runOnlyForDeploymentPostprocessing = 0;
			shellPath = /bin/sh;
			shellScript = "diff \"${PODS_PODFILE_DIR_PATH}/Podfile.lock\" \"${PODS_ROOT}/Manifest.lock\" > /dev/null\nif [ $? != 0 ] ; then\n    # print error to STDERR\n    echo \"error: The sandbox is not in sync with the Podfile.lock. Run 'pod install' or update your CocoaPods installation.\" >&2\n    exit 1\nfi\n# This output is used by Xcode 'outputs' to avoid re-running this script phase.\necho \"SUCCESS\" > \"${SCRIPT_OUTPUT_FILE_0}\"\n";
			showEnvVarsInLog = 0;
		};
		A7FBCBE35FAA4AF2B89E78AD /* [CP] Embed Pods Frameworks */ = {
			isa = PBXShellScriptBuildPhase;
			buildActionMask = 2147483647;
			files = (
			);
			inputFileListPaths = (
				"${PODS_ROOT}/Target Support Files/Pods-Welp/Pods-Welp-frameworks-${CONFIGURATION}-input-files.xcfilelist",
			);
			name = "[CP] Embed Pods Frameworks";
			outputFileListPaths = (
				"${PODS_ROOT}/Target Support Files/Pods-Welp/Pods-Welp-frameworks-${CONFIGURATION}-output-files.xcfilelist",
			);
			runOnlyForDeploymentPostprocessing = 0;
			shellPath = /bin/sh;
			shellScript = "\"${PODS_ROOT}/Target Support Files/Pods-Welp/Pods-Welp-frameworks.sh\"\n";
			showEnvVarsInLog = 0;
		};
/* End PBXShellScriptBuildPhase section */

/* Begin PBXSourcesBuildPhase section */
		1FEA6BC3231F7C8F009C4F3A /* Sources */ = {
			isa = PBXSourcesBuildPhase;
			buildActionMask = 2147483647;
			files = (
				1F30F7F82321C43500056F2C /* LoginViewController.swift in Sources */,
				1F30F7FA2321C44400056F2C /* RegisterViewController.swift in Sources */,
				1FEA6BCD231F7C8F009C4F3A /* WelcomeViewController.swift in Sources */,
				1FEA6BCB231F7C8F009C4F3A /* AppDelegate.swift in Sources */,
				1F39BC1D23205C74004EE9E9 /* strainJSON.swift in Sources */,
				1FACB53923230CE3009C6A3E /* HomeViewController.swift in Sources */,
			);
			runOnlyForDeploymentPostprocessing = 0;
		};
/* End PBXSourcesBuildPhase section */

/* Begin PBXVariantGroup section */
		1FEA6BCE231F7C8F009C4F3A /* Main.storyboard */ = {
			isa = PBXVariantGroup;
			children = (
				1FEA6BCF231F7C8F009C4F3A /* Base */,
			);
			name = Main.storyboard;
			sourceTree = "<group>";
		};
		1FEA6BD3231F7C90009C4F3A /* LaunchScreen.storyboard */ = {
			isa = PBXVariantGroup;
			children = (
				1FEA6BD4231F7C90009C4F3A /* Base */,
			);
			name = LaunchScreen.storyboard;
			sourceTree = "<group>";
		};
/* End PBXVariantGroup section */

/* Begin XCBuildConfiguration section */
		1FEA6BD7231F7C90009C4F3A /* Debug */ = {
			isa = XCBuildConfiguration;
			buildSettings = {
				ALWAYS_SEARCH_USER_PATHS = NO;
				CLANG_ANALYZER_NONNULL = YES;
				CLANG_ANALYZER_NUMBER_OBJECT_CONVERSION = YES_AGGRESSIVE;
				CLANG_CXX_LANGUAGE_STANDARD = "gnu++14";
				CLANG_CXX_LIBRARY = "libc++";
				CLANG_ENABLE_MODULES = YES;
				CLANG_ENABLE_OBJC_ARC = YES;
				CLANG_ENABLE_OBJC_WEAK = YES;
				CLANG_WARN_BLOCK_CAPTURE_AUTORELEASING = YES;
				CLANG_WARN_BOOL_CONVERSION = YES;
				CLANG_WARN_COMMA = YES;
				CLANG_WARN_CONSTANT_CONVERSION = YES;
				CLANG_WARN_DEPRECATED_OBJC_IMPLEMENTATIONS = YES;
				CLANG_WARN_DIRECT_OBJC_ISA_USAGE = YES_ERROR;
				CLANG_WARN_DOCUMENTATION_COMMENTS = YES;
				CLANG_WARN_EMPTY_BODY = YES;
				CLANG_WARN_ENUM_CONVERSION = YES;
				CLANG_WARN_INFINITE_RECURSION = YES;
				CLANG_WARN_INT_CONVERSION = YES;
				CLANG_WARN_NON_LITERAL_NULL_CONVERSION = YES;
				CLANG_WARN_OBJC_IMPLICIT_RETAIN_SELF = YES;
				CLANG_WARN_OBJC_LITERAL_CONVERSION = YES;
				CLANG_WARN_OBJC_ROOT_CLASS = YES_ERROR;
				CLANG_WARN_RANGE_LOOP_ANALYSIS = YES;
				CLANG_WARN_STRICT_PROTOTYPES = YES;
				CLANG_WARN_SUSPICIOUS_MOVE = YES;
				CLANG_WARN_UNGUARDED_AVAILABILITY = YES_AGGRESSIVE;
				CLANG_WARN_UNREACHABLE_CODE = YES;
				CLANG_WARN__DUPLICATE_METHOD_MATCH = YES;
				CODE_SIGN_IDENTITY = "iPhone Developer";
				COPY_PHASE_STRIP = NO;
				DEBUG_INFORMATION_FORMAT = dwarf;
				ENABLE_STRICT_OBJC_MSGSEND = YES;
				ENABLE_TESTABILITY = YES;
				GCC_C_LANGUAGE_STANDARD = gnu11;
				GCC_DYNAMIC_NO_PIC = NO;
				GCC_NO_COMMON_BLOCKS = YES;
				GCC_OPTIMIZATION_LEVEL = 0;
				GCC_PREPROCESSOR_DEFINITIONS = (
					"DEBUG=1",
					"$(inherited)",
				);
				GCC_WARN_64_TO_32_BIT_CONVERSION = YES;
				GCC_WARN_ABOUT_RETURN_TYPE = YES_ERROR;
				GCC_WARN_UNDECLARED_SELECTOR = YES;
				GCC_WARN_UNINITIALIZED_AUTOS = YES_AGGRESSIVE;
				GCC_WARN_UNUSED_FUNCTION = YES;
				GCC_WARN_UNUSED_VARIABLE = YES;
				IPHONEOS_DEPLOYMENT_TARGET = 12.4;
				MTL_ENABLE_DEBUG_INFO = INCLUDE_SOURCE;
				MTL_FAST_MATH = YES;
				ONLY_ACTIVE_ARCH = YES;
				SDKROOT = iphoneos;
				SWIFT_ACTIVE_COMPILATION_CONDITIONS = DEBUG;
				SWIFT_OPTIMIZATION_LEVEL = "-Onone";
			};
			name = Debug;
		};
		1FEA6BD8231F7C90009C4F3A /* Release */ = {
			isa = XCBuildConfiguration;
			buildSettings = {
				ALWAYS_SEARCH_USER_PATHS = NO;
				CLANG_ANALYZER_NONNULL = YES;
				CLANG_ANALYZER_NUMBER_OBJECT_CONVERSION = YES_AGGRESSIVE;
				CLANG_CXX_LANGUAGE_STANDARD = "gnu++14";
				CLANG_CXX_LIBRARY = "libc++";
				CLANG_ENABLE_MODULES = YES;
				CLANG_ENABLE_OBJC_ARC = YES;
				CLANG_ENABLE_OBJC_WEAK = YES;
				CLANG_WARN_BLOCK_CAPTURE_AUTORELEASING = YES;
				CLANG_WARN_BOOL_CONVERSION = YES;
				CLANG_WARN_COMMA = YES;
				CLANG_WARN_CONSTANT_CONVERSION = YES;
				CLANG_WARN_DEPRECATED_OBJC_IMPLEMENTATIONS = YES;
				CLANG_WARN_DIRECT_OBJC_ISA_USAGE = YES_ERROR;
				CLANG_WARN_DOCUMENTATION_COMMENTS = YES;
				CLANG_WARN_EMPTY_BODY = YES;
				CLANG_WARN_ENUM_CONVERSION = YES;
				CLANG_WARN_INFINITE_RECURSION = YES;
				CLANG_WARN_INT_CONVERSION = YES;
				CLANG_WARN_NON_LITERAL_NULL_CONVERSION = YES;
				CLANG_WARN_OBJC_IMPLICIT_RETAIN_SELF = YES;
				CLANG_WARN_OBJC_LITERAL_CONVERSION = YES;
				CLANG_WARN_OBJC_ROOT_CLASS = YES_ERROR;
				CLANG_WARN_RANGE_LOOP_ANALYSIS = YES;
				CLANG_WARN_STRICT_PROTOTYPES = YES;
				CLANG_WARN_SUSPICIOUS_MOVE = YES;
				CLANG_WARN_UNGUARDED_AVAILABILITY = YES_AGGRESSIVE;
				CLANG_WARN_UNREACHABLE_CODE = YES;
				CLANG_WARN__DUPLICATE_METHOD_MATCH = YES;
				CODE_SIGN_IDENTITY = "iPhone Developer";
				COPY_PHASE_STRIP = NO;
				DEBUG_INFORMATION_FORMAT = "dwarf-with-dsym";
				ENABLE_NS_ASSERTIONS = NO;
				ENABLE_STRICT_OBJC_MSGSEND = YES;
				GCC_C_LANGUAGE_STANDARD = gnu11;
				GCC_NO_COMMON_BLOCKS = YES;
				GCC_WARN_64_TO_32_BIT_CONVERSION = YES;
				GCC_WARN_ABOUT_RETURN_TYPE = YES_ERROR;
				GCC_WARN_UNDECLARED_SELECTOR = YES;
				GCC_WARN_UNINITIALIZED_AUTOS = YES_AGGRESSIVE;
				GCC_WARN_UNUSED_FUNCTION = YES;
				GCC_WARN_UNUSED_VARIABLE = YES;
				IPHONEOS_DEPLOYMENT_TARGET = 12.4;
				MTL_ENABLE_DEBUG_INFO = NO;
				MTL_FAST_MATH = YES;
				SDKROOT = iphoneos;
				SWIFT_COMPILATION_MODE = wholemodule;
				SWIFT_OPTIMIZATION_LEVEL = "-O";
				VALIDATE_PRODUCT = YES;
			};
			name = Release;
		};
		1FEA6BDA231F7C90009C4F3A /* Debug */ = {
			isa = XCBuildConfiguration;
			baseConfigurationReference = 04CA81A32560F5DF80C1F415 /* Pods-Welp.debug.xcconfig */;
			buildSettings = {
				ASSETCATALOG_COMPILER_APPICON_NAME = AppIcon;
				CODE_SIGN_STYLE = Automatic;
				DEVELOPMENT_TEAM = P68NKZ4NT5;
				INFOPLIST_FILE = Welp/Info.plist;
				LD_RUNPATH_SEARCH_PATHS = (
					"$(inherited)",
					"@executable_path/Frameworks",
				);
				PRODUCT_BUNDLE_IDENTIFIER = com.JakeGarcia.Welp;
				PRODUCT_NAME = "$(TARGET_NAME)";
				SWIFT_VERSION = 5.0;
				TARGETED_DEVICE_FAMILY = "1,2";
			};
			name = Debug;
		};
		1FEA6BDB231F7C90009C4F3A /* Release */ = {
			isa = XCBuildConfiguration;
			baseConfigurationReference = 8B8157995F185EB5999EF3EA /* Pods-Welp.release.xcconfig */;
			buildSettings = {
				ASSETCATALOG_COMPILER_APPICON_NAME = AppIcon;
				CODE_SIGN_STYLE = Automatic;
				DEVELOPMENT_TEAM = P68NKZ4NT5;
				INFOPLIST_FILE = Welp/Info.plist;
				LD_RUNPATH_SEARCH_PATHS = (
					"$(inherited)",
					"@executable_path/Frameworks",
				);
				PRODUCT_BUNDLE_IDENTIFIER = com.JakeGarcia.Welp;
				PRODUCT_NAME = "$(TARGET_NAME)";
				SWIFT_VERSION = 5.0;
				TARGETED_DEVICE_FAMILY = "1,2";
			};
			name = Release;
		};
/* End XCBuildConfiguration section */

/* Begin XCConfigurationList section */
		1FEA6BC2231F7C8F009C4F3A /* Build configuration list for PBXProject "Welp" */ = {
			isa = XCConfigurationList;
			buildConfigurations = (
				1FEA6BD7231F7C90009C4F3A /* Debug */,
				1FEA6BD8231F7C90009C4F3A /* Release */,
			);
			defaultConfigurationIsVisible = 0;
			defaultConfigurationName = Release;
		};
		1FEA6BD9231F7C90009C4F3A /* Build configuration list for PBXNativeTarget "Welp" */ = {
			isa = XCConfigurationList;
			buildConfigurations = (
				1FEA6BDA231F7C90009C4F3A /* Debug */,
				1FEA6BDB231F7C90009C4F3A /* Release */,
			);
			defaultConfigurationIsVisible = 0;
			defaultConfigurationName = Release;
		};
/* End XCConfigurationList section */
	};
	rootObject = 1FEA6BBF231F7C8F009C4F3A /* Project object */;
}
